// !$*UTF8*$!
{
	archiveVersion = 1;
	classes = {
	};
	objectVersion = 56;
	objects = {

/* Begin PBXBuildFile section */
		99463B602B3C794C00FFD1D6 /* PanGestureViewController.swift in Sources */ = {isa = PBXBuildFile; fileRef = 99463B5F2B3C794C00FFD1D6 /* PanGestureViewController.swift */; };
		994F1AC22ADDD6F000C5F2A6 /* LongPressGestureViewController.swift in Sources */ = {isa = PBXBuildFile; fileRef = 994F1AC12ADDD6F000C5F2A6 /* LongPressGestureViewController.swift */; };
		994F1AE62AEB07F100C5F2A6 /* PinchGestureViewController.swift in Sources */ = {isa = PBXBuildFile; fileRef = 994F1AE52AEB07F100C5F2A6 /* PinchGestureViewController.swift */; };
		99526E312AC9FE00005A3153 /* AppDelegate.swift in Sources */ = {isa = PBXBuildFile; fileRef = 99526E302AC9FE00005A3153 /* AppDelegate.swift */; };
		99526E332AC9FE00005A3153 /* SceneDelegate.swift in Sources */ = {isa = PBXBuildFile; fileRef = 99526E322AC9FE00005A3153 /* SceneDelegate.swift */; };
		99526E352AC9FE00005A3153 /* ViewController.swift in Sources */ = {isa = PBXBuildFile; fileRef = 99526E342AC9FE00005A3153 /* ViewController.swift */; };
		99526E382AC9FE00005A3153 /* Main.storyboard in Resources */ = {isa = PBXBuildFile; fileRef = 99526E362AC9FE00005A3153 /* Main.storyboard */; };
		99526E3A2AC9FE02005A3153 /* Assets.xcassets in Resources */ = {isa = PBXBuildFile; fileRef = 99526E392AC9FE02005A3153 /* Assets.xcassets */; };
		99526E3D2AC9FE02005A3153 /* LaunchScreen.storyboard in Resources */ = {isa = PBXBuildFile; fileRef = 99526E3B2AC9FE02005A3153 /* LaunchScreen.storyboard */; };
/* End PBXBuildFile section */

/* Begin PBXFileReference section */
		99463B5F2B3C794C00FFD1D6 /* PanGestureViewController.swift */ = {isa = PBXFileReference; lastKnownFileType = sourcecode.swift; path = PanGestureViewController.swift; sourceTree = "<group>"; };
		994F1AC12ADDD6F000C5F2A6 /* LongPressGestureViewController.swift */ = {isa = PBXFileReference; lastKnownFileType = sourcecode.swift; path = LongPressGestureViewController.swift; sourceTree = "<group>"; };
		994F1AE52AEB07F100C5F2A6 /* PinchGestureViewController.swift */ = {isa = PBXFileReference; lastKnownFileType = sourcecode.swift; path = PinchGestureViewController.swift; sourceTree = "<group>"; };
		99526E2D2AC9FE00005A3153 /* gestureRecognizerTest.app */ = {isa = PBXFileReference; explicitFileType = wrapper.application; includeInIndex = 0; path = gestureRecognizerTest.app; sourceTree = BUILT_PRODUCTS_DIR; };
		99526E302AC9FE00005A3153 /* AppDelegate.swift */ = {isa = PBXFileReference; lastKnownFileType = sourcecode.swift; path = AppDelegate.swift; sourceTree = "<group>"; };
		99526E322AC9FE00005A3153 /* SceneDelegate.swift */ = {isa = PBXFileReference; lastKnownFileType = sourcecode.swift; path = SceneDelegate.swift; sourceTree = "<group>"; };
		99526E342AC9FE00005A3153 /* ViewController.swift */ = {isa = PBXFileReference; lastKnownFileType = sourcecode.swift; path = ViewController.swift; sourceTree = "<group>"; };
		99526E372AC9FE00005A3153 /* Base */ = {isa = PBXFileReference; lastKnownFileType = file.storyboard; name = Base; path = Base.lproj/Main.storyboard; sourceTree = "<group>"; };
		99526E392AC9FE02005A3153 /* Assets.xcassets */ = {isa = PBXFileReference; lastKnownFileType = folder.assetcatalog; path = Assets.xcassets; sourceTree = "<group>"; };
		99526E3C2AC9FE02005A3153 /* Base */ = {isa = PBXFileReference; lastKnownFileType = file.storyboard; name = Base; path = Base.lproj/LaunchScreen.storyboard; sourceTree = "<group>"; };
		99526E3E2AC9FE02005A3153 /* Info.plist */ = {isa = PBXFileReference; lastKnownFileType = text.plist.xml; path = Info.plist; sourceTree = "<group>"; };
/* End PBXFileReference section */

/* Begin PBXFrameworksBuildPhase section */
		99526E2A2AC9FE00005A3153 /* Frameworks */ = {
			isa = PBXFrameworksBuildPhase;
			buildActionMask = 2147483647;
			files = (
			);
			runOnlyForDeploymentPostprocessing = 0;
		};
/* End PBXFrameworksBuildPhase section */

/* Begin PBXGroup section */
		99526E242AC9FE00005A3153 = {
			isa = PBXGroup;
			children = (
				99526E2F2AC9FE00005A3153 /* gestureRecognizerTest */,
				99526E2E2AC9FE00005A3153 /* Products */,
			);
			sourceTree = "<group>";
		};
		99526E2E2AC9FE00005A3153 /* Products */ = {
			isa = PBXGroup;
			children = (
				99526E2D2AC9FE00005A3153 /* gestureRecognizerTest.app */,
			);
			name = Products;
			sourceTree = "<group>";
		};
		99526E2F2AC9FE00005A3153 /* gestureRecognizerTest */ = {
			isa = PBXGroup;
			children = (
				994F1AE52AEB07F100C5F2A6 /* PinchGestureViewController.swift */,
				99526E302AC9FE00005A3153 /* AppDelegate.swift */,
				99526E322AC9FE00005A3153 /* SceneDelegate.swift */,
				99526E342AC9FE00005A3153 /* ViewController.swift */,
				994F1AC12ADDD6F000C5F2A6 /* LongPressGestureViewController.swift */,
				99463B5F2B3C794C00FFD1D6 /* PanGestureViewController.swift */,
				99526E362AC9FE00005A3153 /* Main.storyboard */,
				99526E392AC9FE02005A3153 /* Assets.xcassets */,
				99526E3B2AC9FE02005A3153 /* LaunchScreen.storyboard */,
				99526E3E2AC9FE02005A3153 /* Info.plist */,
			);
			path = gestureRecognizerTest;
			sourceTree = "<group>";
		};
/* End PBXGroup section */

/* Begin PBXNativeTarget section */
		99526E2C2AC9FE00005A3153 /* gestureRecognizerTest */ = {
			isa = PBXNativeTarget;
			buildConfigurationList = 99526E412AC9FE02005A3153 /* Build configuration list for PBXNativeTarget "gestureRecognizerTest" */;
			buildPhases = (
				99526E292AC9FE00005A3153 /* Sources */,
				99526E2A2AC9FE00005A3153 /* Frameworks */,
				99526E2B2AC9FE00005A3153 /* Resources */,
			);
			buildRules = (
			);
			dependencies = (
			);
			name = gestureRecognizerTest;
			productName = gestureRecognizerTest;
			productReference = 99526E2D2AC9FE00005A3153 /* gestureRecognizerTest.app */;
			productType = "com.apple.product-type.application";
		};
/* End PBXNativeTarget section */

/* Begin PBXProject section */
		99526E252AC9FE00005A3153 /* Project object */ = {
			isa = PBXProject;
			attributes = {
				BuildIndependentTargetsInParallel = 1;
				LastSwiftUpdateCheck = 1430;
				LastUpgradeCheck = 1430;
				TargetAttributes = {
					99526E2C2AC9FE00005A3153 = {
						CreatedOnToolsVersion = 14.3.1;
					};
				};
			};
			buildConfigurationList = 99526E282AC9FE00005A3153 /* Build configuration list for PBXProject "gestureRecognizerTest" */;
			compatibilityVersion = "Xcode 14.0";
			developmentRegion = en;
			hasScannedForEncodings = 0;
			knownRegions = (
				en,
				Base,
			);
			mainGroup = 99526E242AC9FE00005A3153;
			productRefGroup = 99526E2E2AC9FE00005A3153 /* Products */;
			projectDirPath = "";
			projectRoot = "";
			targets = (
				99526E2C2AC9FE00005A3153 /* gestureRecognizerTest */,
			);
		};
/* End PBXProject section */

/* Begin PBXResourcesBuildPhase section */
		99526E2B2AC9FE00005A3153 /* Resources */ = {
			isa = PBXResourcesBuildPhase;
			buildActionMask = 2147483647;
			files = (
				99526E3D2AC9FE02005A3153 /* LaunchScreen.storyboard in Resources */,
				99526E3A2AC9FE02005A3153 /* Assets.xcassets in Resources */,
				99526E382AC9FE00005A3153 /* Main.storyboard in Resources */,
			);
			runOnlyForDeploymentPostprocessing = 0;
		};
/* End PBXResourcesBuildPhase section */

/* Begin PBXSourcesBuildPhase section */
		99526E292AC9FE00005A3153 /* Sources */ = {
			isa = PBXSourcesBuildPhase;
			buildActionMask = 2147483647;
			files = (
				99526E352AC9FE00005A3153 /* ViewController.swift in Sources */,
				994F1AE62AEB07F100C5F2A6 /* PinchGestureViewController.swift in Sources */,
				99526E312AC9FE00005A3153 /* AppDelegate.swift in Sources */,
				994F1AC22ADDD6F000C5F2A6 /* LongPressGestureViewController.swift in Sources */,
				99463B602B3C794C00FFD1D6 /* PanGestureViewController.swift in Sources */,
				99526E332AC9FE00005A3153 /* SceneDelegate.swift in Sources */,
			);
			runOnlyForDeploymentPostprocessing = 0;
		};
/* End PBXSourcesBuildPhase section */

/* Begin PBXVariantGroup section */
		99526E362AC9FE00005A3153 /* Main.storyboard */ = {
			isa = PBXVariantGroup;
			children = (
				99526E372AC9FE00005A3153 /* Base */,
			);
			name = Main.storyboard;
			sourceTree = "<group>";
		};
		99526E3B2AC9FE02005A3153 /* LaunchScreen.storyboard */ = {
			isa = PBXVariantGroup;
			children = (
				99526E3C2AC9FE02005A3153 /* Base */,
			);
			name = LaunchScreen.storyboard;
			sourceTree = "<group>";
		};
/* End PBXVariantGroup section */

/* Begin XCBuildConfiguration section */
		99526E3F2AC9FE02005A3153 /* Debug */ = {
			isa = XCBuildConfiguration;
			buildSettings = {
				ALWAYS_SEARCH_USER_PATHS = NO;
				CLANG_ANALYZER_NONNULL = YES;
				CLANG_ANALYZER_NUMBER_OBJECT_CONVERSION = YES_AGGRESSIVE;
				CLANG_CXX_LANGUAGE_STANDARD = "gnu++20";
				CLANG_ENABLE_MODULES = YES;
				CLANG_ENABLE_OBJC_ARC = YES;
				CLANG_ENABLE_OBJC_WEAK = YES;
				CLANG_WARN_BLOCK_CAPTURE_AUTORELEASING = YES;
				CLANG_WARN_BOOL_CONVERSION = YES;
				CLANG_WARN_COMMA = YES;
				CLANG_WARN_CONSTANT_CONVERSION = YES;
				CLANG_WARN_DEPRECATED_OBJC_IMPLEMENTATIONS = YES;
				CLANG_WARN_DIRECT_OBJC_ISA_USAGE = YES_ERROR;
				CLANG_WARN_DOCUMENTATION_COMMENTS = YES;
				CLANG_WARN_EMPTY_BODY = YES;
				CLANG_WARN_ENUM_CONVERSION = YES;
				CLANG_WARN_INFINITE_RECURSION = YES;
				CLANG_WARN_INT_CONVERSION = YES;
				CLANG_WARN_NON_LITERAL_NULL_CONVERSION = YES;
				CLANG_WARN_OBJC_IMPLICIT_RETAIN_SELF = YES;
				CLANG_WARN_OBJC_LITERAL_CONVERSION = YES;
				CLANG_WARN_OBJC_ROOT_CLASS = YES_ERROR;
				CLANG_WARN_QUOTED_INCLUDE_IN_FRAMEWORK_HEADER = YES;
				CLANG_WARN_RANGE_LOOP_ANALYSIS = YES;
				CLANG_WARN_STRICT_PROTOTYPES = YES;
				CLANG_WARN_SUSPICIOUS_MOVE = YES;
				CLANG_WARN_UNGUARDED_AVAILABILITY = YES_AGGRESSIVE;
				CLANG_WARN_UNREACHABLE_CODE = YES;
				CLANG_WARN__DUPLICATE_METHOD_MATCH = YES;
				COPY_PHASE_STRIP = NO;
				DEBUG_INFORMATION_FORMAT = dwarf;
				ENABLE_STRICT_OBJC_MSGSEND = YES;
				ENABLE_TESTABILITY = YES;
				GCC_C_LANGUAGE_STANDARD = gnu11;
				GCC_DYNAMIC_NO_PIC = NO;
				GCC_NO_COMMON_BLOCKS = YES;
				GCC_OPTIMIZATION_LEVEL = 0;
				GCC_PREPROCESSOR_DEFINITIONS = (
					"DEBUG=1",
					"$(inherited)",
				);
				GCC_WARN_64_TO_32_BIT_CONVERSION = YES;
				GCC_WARN_ABOUT_RETURN_TYPE = YES_ERROR;
				GCC_WARN_UNDECLARED_SELECTOR = YES;
				GCC_WARN_UNINITIALIZED_AUTOS = YES_AGGRESSIVE;
				GCC_WARN_UNUSED_FUNCTION = YES;
				GCC_WARN_UNUSED_VARIABLE = YES;
				IPHONEOS_DEPLOYMENT_TARGET = 16.4;
				MTL_ENABLE_DEBUG_INFO = INCLUDE_SOURCE;
				MTL_FAST_MATH = YES;
				ONLY_ACTIVE_ARCH = YES;
				SDKROOT = iphoneos;
				SWIFT_ACTIVE_COMPILATION_CONDITIONS = DEBUG;
				SWIFT_OPTIMIZATION_LEVEL = "-Onone";
			};
			name = Debug;
		};
		99526E402AC9FE02005A3153 /* Release */ = {
			isa = XCBuildConfiguration;
			buildSettings = {
				ALWAYS_SEARCH_USER_PATHS = NO;
				CLANG_ANALYZER_NONNULL = YES;
				CLANG_ANALYZER_NUMBER_OBJECT_CONVERSION = YES_AGGRESSIVE;
				CLANG_CXX_LANGUAGE_STANDARD = "gnu++20";
				CLANG_ENABLE_MODULES = YES;
				CLANG_ENABLE_OBJC_ARC = YES;
				CLANG_ENABLE_OBJC_WEAK = YES;
				CLANG_WARN_BLOCK_CAPTURE_AUTORELEASING = YES;
				CLANG_WARN_BOOL_CONVERSION = YES;
				CLANG_WARN_COMMA = YES;
				CLANG_WARN_CONSTANT_CONVERSION = YES;
				CLANG_WARN_DEPRECATED_OBJC_IMPLEMENTATIONS = YES;
				CLANG_WARN_DIRECT_OBJC_ISA_USAGE = YES_ERROR;
				CLANG_WARN_DOCUMENTATION_COMMENTS = YES;
				CLANG_WARN_EMPTY_BODY = YES;
				CLANG_WARN_ENUM_CONVERSION = YES;
				CLANG_WARN_INFINITE_RECURSION = YES;
				CLANG_WARN_INT_CONVERSION = YES;
				CLANG_WARN_NON_LITERAL_NULL_CONVERSION = YES;
				CLANG_WARN_OBJC_IMPLICIT_RETAIN_SELF = YES;
				CLANG_WARN_OBJC_LITERAL_CONVERSION = YES;
				CLANG_WARN_OBJC_ROOT_CLASS = YES_ERROR;
				CLANG_WARN_QUOTED_INCLUDE_IN_FRAMEWORK_HEADER = YES;
				CLANG_WARN_RANGE_LOOP_ANALYSIS = YES;
				CLANG_WARN_STRICT_PROTOTYPES = YES;
				CLANG_WARN_SUSPICIOUS_MOVE = YES;
				CLANG_WARN_UNGUARDED_AVAILABILITY = YES_AGGRESSIVE;
				CLANG_WARN_UNREACHABLE_CODE = YES;
				CLANG_WARN__DUPLICATE_METHOD_MATCH = YES;
				COPY_PHASE_STRIP = NO;
				DEBUG_INFORMATION_FORMAT = "dwarf-with-dsym";
				ENABLE_NS_ASSERTIONS = NO;
				ENABLE_STRICT_OBJC_MSGSEND = YES;
				GCC_C_LANGUAGE_STANDARD = gnu11;
				GCC_NO_COMMON_BLOCKS = YES;
				GCC_WARN_64_TO_32_BIT_CONVERSION = YES;
				GCC_WARN_ABOUT_RETURN_TYPE = YES_ERROR;
				GCC_WARN_UNDECLARED_SELECTOR = YES;
				GCC_WARN_UNINITIALIZED_AUTOS = YES_AGGRESSIVE;
				GCC_WARN_UNUSED_FUNCTION = YES;
				GCC_WARN_UNUSED_VARIABLE = YES;
				IPHONEOS_DEPLOYMENT_TARGET = 16.4;
				MTL_ENABLE_DEBUG_INFO = NO;
				MTL_FAST_MATH = YES;
				SDKROOT = iphoneos;
				SWIFT_COMPILATION_MODE = wholemodule;
				SWIFT_OPTIMIZATION_LEVEL = "-O";
				VALIDATE_PRODUCT = YES;
			};
			name = Release;
		};
		99526E422AC9FE02005A3153 /* Debug */ = {
			isa = XCBuildConfiguration;
			buildSettings = {
				ASSETCATALOG_COMPILER_APPICON_NAME = AppIcon;
				ASSETCATALOG_COMPILER_GLOBAL_ACCENT_COLOR_NAME = AccentColor;
				CODE_SIGN_STYLE = Automatic;
				CURRENT_PROJECT_VERSION = 1;
				DEVELOPMENT_TEAM = DPK379U73T;
				GENERATE_INFOPLIST_FILE = YES;
				INFOPLIST_FILE = gestureRecognizerTest/Info.plist;
				INFOPLIST_KEY_UIApplicationSupportsIndirectInputEvents = YES;
				INFOPLIST_KEY_UILaunchStoryboardName = LaunchScreen;
				INFOPLIST_KEY_UIMainStoryboardFile = Main;
				INFOPLIST_KEY_UISupportedInterfaceOrientations = UIInterfaceOrientationPortrait;
				LD_RUNPATH_SEARCH_PATHS = (
					"$(inherited)",
					"@executable_path/Frameworks",
				);
				MARKETING_VERSION = 1.0;
				PRODUCT_BUNDLE_IDENTIFIER = "com.brandon-suarez.gestureRecognizerTest";
				PRODUCT_NAME = "$(TARGET_NAME)";
				SUPPORTED_PLATFORMS = "iphoneos iphonesimulator";
				SUPPORTS_MACCATALYST = NO;
				SUPPORTS_MAC_DESIGNED_FOR_IPHONE_IPAD = NO;
				SWIFT_EMIT_LOC_STRINGS = YES;
				SWIFT_VERSION = 5.0;
				TARGETED_DEVICE_FAMILY = "1,2";
			};
			name = Debug;
		};
		99526E432AC9FE02005A3153 /* Release */ = {
			isa = XCBuildConfiguration;
			buildSettings = {
				ASSETCATALOG_COMPILER_APPICON_NAME = AppIcon;
				ASSETCATALOG_COMPILER_GLOBAL_ACCENT_COLOR_NAME = AccentColor;
				CODE_SIGN_STYLE = Automatic;
				CURRENT_PROJECT_VERSION = 1;
				DEVELOPMENT_TEAM = DPK379U73T;
				GENERATE_INFOPLIST_FILE = YES;
				INFOPLIST_FILE = gestureRecognizerTest/Info.plist;
				INFOPLIST_KEY_UIApplicationSupportsIndirectInputEvents = YES;
				INFOPLIST_KEY_UILaunchStoryboardName = LaunchScreen;
				INFOPLIST_KEY_UIMainStoryboardFile = Main;
				INFOPLIST_KEY_UISupportedInterfaceOrientations = UIInterfaceOrientationPortrait;
				LD_RUNPATH_SEARCH_PATHS = (
					"$(inherited)",
					"@executable_path/Frameworks",
				);
				MARKETING_VERSION = 1.0;
				PRODUCT_BUNDLE_IDENTIFIER = "com.brandon-suarez.gestureRecognizerTest";
				PRODUCT_NAME = "$(TARGET_NAME)";
				SUPPORTED_PLATFORMS = "iphoneos iphonesimulator";
				SUPPORTS_MACCATALYST = NO;
				SUPPORTS_MAC_DESIGNED_FOR_IPHONE_IPAD = NO;
				SWIFT_EMIT_LOC_STRINGS = YES;
				SWIFT_VERSION = 5.0;
				TARGETED_DEVICE_FAMILY = "1,2";
			};
			name = Release;
		};
/* End XCBuildConfiguration section */

/* Begin XCConfigurationList section */
		99526E282AC9FE00005A3153 /* Build configuration list for PBXProject "gestureRecognizerTest" */ = {
			isa = XCConfigurationList;
			buildConfigurations = (
				99526E3F2AC9FE02005A3153 /* Debug */,
				99526E402AC9FE02005A3153 /* Release */,
			);
			defaultConfigurationIsVisible = 0;
			defaultConfigurationName = Release;
		};
		99526E412AC9FE02005A3153 /* Build configuration list for PBXNativeTarget "gestureRecognizerTest" */ = {
			isa = XCConfigurationList;
			buildConfigurations = (
				99526E422AC9FE02005A3153 /* Debug */,
				99526E432AC9FE02005A3153 /* Release */,
			);
			defaultConfigurationIsVisible = 0;
			defaultConfigurationName = Release;
		};
/* End XCConfigurationList section */
	};
	rootObject = 99526E252AC9FE00005A3153 /* Project object */;
}
